version = 1
requires-python = ">=3.9"
resolution-markers = [
    "python_full_version >= '3.12'",
    "python_full_version == '3.11.*'",
    "python_full_version == '3.10.*'",
    "python_full_version < '3.10'",
]

[[package]]
name = "et-xmlfile"
version = "2.0.0"
source = { registry = "https://pypi.org/simple" }
sdist = { url = "https://files.pythonhosted.org/packages/d3/38/af70d7ab1ae9d4da450eeec1fa3918940a5fafb9055e934af8d6eb0c2313/et_xmlfile-2.0.0.tar.gz", hash = "sha256:dab3f4764309081ce75662649be815c4c9081e88f0837825f90fd28317d4da54", size = 17234 }
wheels = [
    { url = "https://files.pythonhosted.org/packages/c1/8b/5fe2cc11fee489817272089c4203e679c63b570a5aaeb18d852ae3cbba6a/et_xmlfile-2.0.0-py3-none-any.whl", hash = "sha256:7a91720bc756843502c3b7504c77b8fe44217c85c537d85037f0f536151b2caa", size = 18059 },
]

[[package]]
name = "foundation-app"
version = "0.1.0"
source = { virtual = "." }
dependencies = [
    { name = "openpyxl" },
    { name = "polars" },
]

[package.metadata]
requires-dist = [
    { name = "openpyxl", specifier = ">=3.1.5" },
    { name = "polars", specifier = ">=1.21.0" },
]

[[package]]
name = "openpyxl"
version = "3.1.5"
source = { registry = "https://pypi.org/simple" }
dependencies = [
    { name = "et-xmlfile" },
]
sdist = { url = "https://files.pythonhosted.org/packages/3d/f9/88d94a75de065ea32619465d2f77b29a0469500e99012523b91cc4141cd1/openpyxl-3.1.5.tar.gz", hash = "sha256:cf0e3cf56142039133628b5acffe8ef0c12bc902d2aadd3e0fe5878dc08d1050", size = 186464 }
wheels = [
    { url = "https://files.pythonhosted.org/packages/c0/da/977ded879c29cbd04de313843e76868e6e13408a94ed6b987245dc7c8506/openpyxl-3.1.5-py2.py3-none-any.whl", hash = "sha256:5282c12b107bffeef825f4617dc029afaf41d0ea60823bbb665ef3079dc79de2", size = 250910 },
]

[[package]]
name = "polars"
version = "1.21.0"
source = { registry = "https://pypi.org/simple" }
sdist = { url = "https://files.pythonhosted.org/packages/98/49/3733f0a34fd2504264579bad2c66021e175ab548b21767340721e10a1dcf/polars-1.21.0.tar.gz", hash = "sha256:7692d0fe0fb4faac18ef9423de55789e289f4d3f26d42519bd23ef8afb672d62", size = 4323012 }
wheels = [
    { url = "https://files.pythonhosted.org/packages/d4/c3/976f0251e96c957143905530b236f1e278b28a8eb5850eab94595bf5d220/polars-1.21.0-cp39-abi3-macosx_10_12_x86_64.whl", hash = "sha256:063f8807f633f8fd15458a43971d930f6ee568b8e95936d7736c9054fc4f6f52", size = 31015281 },
    { url = "https://files.pythonhosted.org/packages/94/33/c55c19dde172e34dd7a5074a1dcac6472074236131698269db236550283e/polars-1.21.0-cp39-abi3-macosx_11_0_arm64.whl", hash = "sha256:519863e0990e3323e7a32fc66bac3ad9da51938a1ffce6c09a92e0b1adb026a5", size = 28033973 },
    { url = "https://files.pythonhosted.org/packages/da/72/b108cd7e063f03f5b029edbd73ca514291dd3e3d88617965d09df64d71ba/polars-1.21.0-cp39-abi3-manylinux_2_17_x86_64.manylinux2014_x86_64.whl", hash = "sha256:bbecddca35c57efde99070517db5d2c63d4c6d0e3c992123ba3be93e86e7bfac", size = 31641844 },
    { url = "https://files.pythonhosted.org/packages/ac/0a/1df51a9e09fb9974a511eb098e13afed916e8643556799799884f22c7869/polars-1.21.0-cp39-abi3-manylinux_2_24_aarch64.whl", hash = "sha256:d9ce8e6f0d8140e67b0f7c276d22bb5f3345ce7412558643c8b5c270db254b64", size = 29005158 },
    { url = "https://files.pythonhosted.org/packages/90/4b/f75f0eb9527c943440c6ed90be7e97146a00699fee69f9d5aff577f15659/polars-1.21.0-cp39-abi3-win_amd64.whl", hash = "sha256:c4517abb008af890e4ca8fb6bb0372868381017af0ecadf9d062e2f91f50b276", size = 31729901 },
    { url = "https://files.pythonhosted.org/packages/e6/a0/d48548f4c9e139b02eacfc074bfd02d98d9bb5f9bf9c03ec5649a481d8ff/polars-1.21.0-cp39-abi3-win_arm64.whl", hash = "sha256:6bb0ba805defb05b76fdca392e48d84d1f16403de5be25d4dd8cdc7fccfd4251", size = 28179572 },
]
